
Microsoft Visual Studio Solution File, Format Version 12.00
# Visual Studio 14
VisualStudioVersion = 14.0.25123.0
MinimumVisualStudioVersion = 10.0.40219.1
Project("{FAE04EC0-301F-11D3-BF4B-00C04F79EFBC}") = "TimeSheet", "TimeSheet\TimeSheet.csproj", "{DC7C965F-1228-4226-8124-4F5E23F0BCA6}"
EndProject
Project("{FAE04EC0-301F-11D3-BF4B-00C04F79EFBC}") = "TimeSheetTests", "TimeSheetTests\TimeSheetTests.csproj", "{B73487FF-E308-440D-92DC-3F26A498C498}"
EndProject
Global
	GlobalSection(SolutionConfigurationPlatforms) = preSolution
		Debug|Any CPU = Debug|Any CPU
		Release|Any CPU = Release|Any CPU
	EndGlobalSection
	GlobalSection(ProjectConfigurationPlatforms) = postSolution
		{DC7C965F-1228-4226-8124-4F5E23F0BCA6}.Debug|Any CPU.ActiveCfg = Debug|Any CPU
		{DC7C965F-1228-4226-8124-4F5E23F0BCA6}.Debug|Any CPU.Build.0 = Debug|Any CPU
		{DC7C965F-1228-4226-8124-4F5E23F0BCA6}.Release|Any CPU.ActiveCfg = Release|Any CPU
		{DC7C965F-1228-4226-8124-4F5E23F0BCA6}.Release|Any CPU.Build.0 = Release|Any CPU
		{B73487FF-E308-440D-92DC-3F26A498C498}.Debug|Any CPU.ActiveCfg = Debug|Any CPU
		{B73487FF-E308-440D-92DC-3F26A498C498}.Debug|Any CPU.Build.0 = Debug|Any CPU
		{B73487FF-E308-440D-92DC-3F26A498C498}.Release|Any CPU.ActiveCfg = Release|Any CPU
		{B73487FF-E308-440D-92DC-3F26A498C498}.Release|Any CPU.Build.0 = Release|Any CPU
	EndGlobalSection
	GlobalSection(SolutionProperties) = preSolution
		HideSolutionNode = FALSE
	EndGlobalSection
EndGlobal
